
Microsoft Visual Studio Solution File, Format Version 12.00
# Visual Studio Version 16
VisualStudioVersion = 16.0.31702.278
MinimumVisualStudioVersion = 10.0.40219.1
Project("{FAE04EC0-301F-11D3-BF4B-00C04F79EFBC}") = "assignment02", "assignment02\assignment02.csproj", "{3FFAC144-2E5A-4872-AEFC-93064CA93883}"
EndProject
Global
	GlobalSection(SolutionConfigurationPlatforms) = preSolution
		Debug|Any CPU = Debug|Any CPU
		Release|Any CPU = Release|Any CPU
	EndGlobalSection
	GlobalSection(ProjectConfigurationPlatforms) = postSolution
		{3FFAC144-2E5A-4872-AEFC-93064CA93883}.Debug|Any CPU.ActiveCfg = Debug|Any CPU
		{3FFAC144-2E5A-4872-AEFC-93064CA93883}.Debug|Any CPU.Build.0 = Debug|Any CPU
		{3FFAC144-2E5A-4872-AEFC-93064CA93883}.Release|Any CPU.ActiveCfg = Release|Any CPU
		{3FFAC144-2E5A-4872-AEFC-93064CA93883}.Release|Any CPU.Build.0 = Release|Any CPU
	EndGlobalSection
	GlobalSection(SolutionProperties) = preSolution
		HideSolutionNode = FALSE
	EndGlobalSection
	GlobalSection(ExtensibilityGlobals) = postSolution
		SolutionGuid = {F2782923-8499-4B53-BA5C-19086567FF91}
	EndGlobalSection
EndGlobal
